
Microsoft Visual Studio Solution File, Format Version 12.00
# Visual Studio Version 17
VisualStudioVersion = 17.8.34525.116
MinimumVisualStudioVersion = 10.0.40219.1
Project("{FAE04EC0-301F-11D3-BF4B-00C04F79EFBC}") = "ImportacaoDeContratos", "ImportacaoDeContratos\ImportacaoDeContratos.csproj", "{A5F5B952-80B5-428B-8D74-97A39BF248E6}"
EndProject
Global
	GlobalSection(SolutionConfigurationPlatforms) = preSolution
		Debug|Any CPU = Debug|Any CPU
		Release|Any CPU = Release|Any CPU
	EndGlobalSection
	GlobalSection(ProjectConfigurationPlatforms) = postSolution
		{A5F5B952-80B5-428B-8D74-97A39BF248E6}.Debug|Any CPU.ActiveCfg = Debug|Any CPU
		{A5F5B952-80B5-428B-8D74-97A39BF248E6}.Debug|Any CPU.Build.0 = Debug|Any CPU
		{A5F5B952-80B5-428B-8D74-97A39BF248E6}.Release|Any CPU.ActiveCfg = Release|Any CPU
		{A5F5B952-80B5-428B-8D74-97A39BF248E6}.Release|Any CPU.Build.0 = Release|Any CPU
	EndGlobalSection
	GlobalSection(SolutionProperties) = preSolution
		HideSolutionNode = FALSE
	EndGlobalSection
	GlobalSection(ExtensibilityGlobals) = postSolution
		SolutionGuid = {909F9829-880A-4A1A-832F-54D94EFC9B17}
	EndGlobalSection
EndGlobal
